
Microsoft Visual Studio Solution File, Format Version 12.00
# Visual Studio Version 16
VisualStudioVersion = 16.0.32602.291
MinimumVisualStudioVersion = 10.0.40219.1
Project("{FAE04EC0-301F-11D3-BF4B-00C04F79EFBC}") = "Практическая 3", "Практическая 3.csproj", "{538BD5F4-C9D8-4C38-B646-5085B8CB25FD}"
EndProject
Global
	GlobalSection(SolutionConfigurationPlatforms) = preSolution
		Debug|Any CPU = Debug|Any CPU
		Release|Any CPU = Release|Any CPU
	EndGlobalSection
	GlobalSection(ProjectConfigurationPlatforms) = postSolution
		{538BD5F4-C9D8-4C38-B646-5085B8CB25FD}.Debug|Any CPU.ActiveCfg = Debug|Any CPU
		{538BD5F4-C9D8-4C38-B646-5085B8CB25FD}.Debug|Any CPU.Build.0 = Debug|Any CPU
		{538BD5F4-C9D8-4C38-B646-5085B8CB25FD}.Release|Any CPU.ActiveCfg = Release|Any CPU
		{538BD5F4-C9D8-4C38-B646-5085B8CB25FD}.Release|Any CPU.Build.0 = Release|Any CPU
	EndGlobalSection
	GlobalSection(SolutionProperties) = preSolution
		HideSolutionNode = FALSE
	EndGlobalSection
	GlobalSection(ExtensibilityGlobals) = postSolution
		SolutionGuid = {5174ADCB-F925-4F3A-9AE8-C7C43282D8D4}
	EndGlobalSection
EndGlobal
